
Microsoft Visual Studio Solution File, Format Version 12.00
# Visual Studio Version 16
VisualStudioVersion = 16.0.34114.132
MinimumVisualStudioVersion = 10.0.40219.1
Project("{FAE04EC0-301F-11D3-BF4B-00C04F79EFBC}") = "clearFiles", "clearFiles\clearFiles.csproj", "{C5657B62-8E21-441B-A864-DA30299C7EA2}"
EndProject
Global
	GlobalSection(SolutionConfigurationPlatforms) = preSolution
		Debug|Any CPU = Debug|Any CPU
		Release|Any CPU = Release|Any CPU
	EndGlobalSection
	GlobalSection(ProjectConfigurationPlatforms) = postSolution
		{C5657B62-8E21-441B-A864-DA30299C7EA2}.Debug|Any CPU.ActiveCfg = Debug|Any CPU
		{C5657B62-8E21-441B-A864-DA30299C7EA2}.Debug|Any CPU.Build.0 = Debug|Any CPU
		{C5657B62-8E21-441B-A864-DA30299C7EA2}.Release|Any CPU.ActiveCfg = Release|Any CPU
		{C5657B62-8E21-441B-A864-DA30299C7EA2}.Release|Any CPU.Build.0 = Release|Any CPU
	EndGlobalSection
	GlobalSection(SolutionProperties) = preSolution
		HideSolutionNode = FALSE
	EndGlobalSection
	GlobalSection(ExtensibilityGlobals) = postSolution
		SolutionGuid = {1DFC3C86-32FA-424D-B8CA-795347BAF7BC}
	EndGlobalSection
EndGlobal
